
Microsoft Visual Studio Solution File, Format Version 12.00
# Visual Studio 2013
VisualStudioVersion = 12.0.21005.1
MinimumVisualStudioVersion = 10.0.40219.1
Project("{FAE04EC0-301F-11D3-BF4B-00C04F79EFBC}") = "01.DrawHeadBicycleAndHouse", "01.DrawHeadBicycleAndHouse\01.DrawHeadBicycleAndHouse.csproj", "{678D98AC-4939-445A-881C-2AFCEDCC8D08}"
EndProject
Project("{FAE04EC0-301F-11D3-BF4B-00C04F79EFBC}") = "02.DrawBouncingBall", "02.DrawBouncingBall\02.DrawBouncingBall.csproj", "{22223024-615E-4578-A598-C3D85BD3C6A6}"
EndProject
Project("{FAE04EC0-301F-11D3-BF4B-00C04F79EFBC}") = "03.SnakeGame", "03.SnakeGame\03.SnakeGame.csproj", "{F0B27766-B7FC-4AF9-9831-D2A24FA91EDF}"
EndProject
Global
	GlobalSection(SolutionConfigurationPlatforms) = preSolution
		Debug|Any CPU = Debug|Any CPU
		Release|Any CPU = Release|Any CPU
	EndGlobalSection
	GlobalSection(ProjectConfigurationPlatforms) = postSolution
		{678D98AC-4939-445A-881C-2AFCEDCC8D08}.Debug|Any CPU.ActiveCfg = Debug|Any CPU
		{678D98AC-4939-445A-881C-2AFCEDCC8D08}.Debug|Any CPU.Build.0 = Debug|Any CPU
		{678D98AC-4939-445A-881C-2AFCEDCC8D08}.Release|Any CPU.ActiveCfg = Release|Any CPU
		{678D98AC-4939-445A-881C-2AFCEDCC8D08}.Release|Any CPU.Build.0 = Release|Any CPU
		{22223024-615E-4578-A598-C3D85BD3C6A6}.Debug|Any CPU.ActiveCfg = Debug|Any CPU
		{22223024-615E-4578-A598-C3D85BD3C6A6}.Debug|Any CPU.Build.0 = Debug|Any CPU
		{22223024-615E-4578-A598-C3D85BD3C6A6}.Release|Any CPU.ActiveCfg = Release|Any CPU
		{22223024-615E-4578-A598-C3D85BD3C6A6}.Release|Any CPU.Build.0 = Release|Any CPU
		{F0B27766-B7FC-4AF9-9831-D2A24FA91EDF}.Debug|Any CPU.ActiveCfg = Debug|Any CPU
		{F0B27766-B7FC-4AF9-9831-D2A24FA91EDF}.Debug|Any CPU.Build.0 = Debug|Any CPU
		{F0B27766-B7FC-4AF9-9831-D2A24FA91EDF}.Release|Any CPU.ActiveCfg = Release|Any CPU
		{F0B27766-B7FC-4AF9-9831-D2A24FA91EDF}.Release|Any CPU.Build.0 = Release|Any CPU
	EndGlobalSection
	GlobalSection(SolutionProperties) = preSolution
		HideSolutionNode = FALSE
	EndGlobalSection
EndGlobal
