
Microsoft Visual Studio Solution File, Format Version 12.00
# Visual Studio 2013
VisualStudioVersion = 12.0.21005.1
MinimumVisualStudioVersion = 10.0.40219.1
Project("{FAE04EC0-301F-11D3-BF4B-00C04F79EFBC}") = "1.MEAN", "1.MEAN\1.MEAN.csproj", "{F279B452-364E-4CEF-BA6A-DA2B73722B26}"
EndProject
Project("{FAE04EC0-301F-11D3-BF4B-00C04F79EFBC}") = "2.Windows8StartMenu", "2.Windows8StartMenu\2.Windows8StartMenu.csproj", "{17FA1585-9D87-4DD6-B832-8290145EE450}"
EndProject
Global
	GlobalSection(SolutionConfigurationPlatforms) = preSolution
		Debug|Any CPU = Debug|Any CPU
		Release|Any CPU = Release|Any CPU
	EndGlobalSection
	GlobalSection(ProjectConfigurationPlatforms) = postSolution
		{F279B452-364E-4CEF-BA6A-DA2B73722B26}.Debug|Any CPU.ActiveCfg = Debug|Any CPU
		{F279B452-364E-4CEF-BA6A-DA2B73722B26}.Debug|Any CPU.Build.0 = Debug|Any CPU
		{F279B452-364E-4CEF-BA6A-DA2B73722B26}.Release|Any CPU.ActiveCfg = Release|Any CPU
		{F279B452-364E-4CEF-BA6A-DA2B73722B26}.Release|Any CPU.Build.0 = Release|Any CPU
		{17FA1585-9D87-4DD6-B832-8290145EE450}.Debug|Any CPU.ActiveCfg = Debug|Any CPU
		{17FA1585-9D87-4DD6-B832-8290145EE450}.Debug|Any CPU.Build.0 = Debug|Any CPU
		{17FA1585-9D87-4DD6-B832-8290145EE450}.Release|Any CPU.ActiveCfg = Release|Any CPU
		{17FA1585-9D87-4DD6-B832-8290145EE450}.Release|Any CPU.Build.0 = Release|Any CPU
	EndGlobalSection
	GlobalSection(SolutionProperties) = preSolution
		HideSolutionNode = FALSE
	EndGlobalSection
EndGlobal
