
Microsoft Visual Studio Solution File, Format Version 12.00
# Visual Studio 2013
VisualStudioVersion = 12.0.21005.1
MinimumVisualStudioVersion = 10.0.40219.1
Project("{FAE04EC0-301F-11D3-BF4B-00C04F79EFBC}") = "01.CreateRandomDivs", "01.CreateRandomDivs\01.CreateRandomDivs.csproj", "{5EE2103A-C93F-41A4-A46A-4B3BF1426213}"
EndProject
Project("{FAE04EC0-301F-11D3-BF4B-00C04F79EFBC}") = "02.FiveRotatingDivs", "02.FiveRotatingDivs\02.FiveRotatingDivs.csproj", "{055D13B2-BADA-4996-8F6D-B62E61DEB732}"
EndProject
Project("{FAE04EC0-301F-11D3-BF4B-00C04F79EFBC}") = "03.ChangeColorsOfTextArea", "03.ChangeColorsOfTextArea\03.ChangeColorsOfTextArea.csproj", "{2C8288E2-E5D7-4D91-868E-8FA89B4B9D93}"
EndProject
Project("{FAE04EC0-301F-11D3-BF4B-00C04F79EFBC}") = "04.TagCloud", "04.TagCloud\04.TagCloud.csproj", "{72E57038-7B30-48D1-A7D0-AA5C1CCAA5E8}"
EndProject
Global
	GlobalSection(SolutionConfigurationPlatforms) = preSolution
		Debug|Any CPU = Debug|Any CPU
		Release|Any CPU = Release|Any CPU
	EndGlobalSection
	GlobalSection(ProjectConfigurationPlatforms) = postSolution
		{5EE2103A-C93F-41A4-A46A-4B3BF1426213}.Debug|Any CPU.ActiveCfg = Debug|Any CPU
		{5EE2103A-C93F-41A4-A46A-4B3BF1426213}.Debug|Any CPU.Build.0 = Debug|Any CPU
		{5EE2103A-C93F-41A4-A46A-4B3BF1426213}.Release|Any CPU.ActiveCfg = Release|Any CPU
		{5EE2103A-C93F-41A4-A46A-4B3BF1426213}.Release|Any CPU.Build.0 = Release|Any CPU
		{055D13B2-BADA-4996-8F6D-B62E61DEB732}.Debug|Any CPU.ActiveCfg = Debug|Any CPU
		{055D13B2-BADA-4996-8F6D-B62E61DEB732}.Debug|Any CPU.Build.0 = Debug|Any CPU
		{055D13B2-BADA-4996-8F6D-B62E61DEB732}.Release|Any CPU.ActiveCfg = Release|Any CPU
		{055D13B2-BADA-4996-8F6D-B62E61DEB732}.Release|Any CPU.Build.0 = Release|Any CPU
		{2C8288E2-E5D7-4D91-868E-8FA89B4B9D93}.Debug|Any CPU.ActiveCfg = Debug|Any CPU
		{2C8288E2-E5D7-4D91-868E-8FA89B4B9D93}.Debug|Any CPU.Build.0 = Debug|Any CPU
		{2C8288E2-E5D7-4D91-868E-8FA89B4B9D93}.Release|Any CPU.ActiveCfg = Release|Any CPU
		{2C8288E2-E5D7-4D91-868E-8FA89B4B9D93}.Release|Any CPU.Build.0 = Release|Any CPU
		{72E57038-7B30-48D1-A7D0-AA5C1CCAA5E8}.Debug|Any CPU.ActiveCfg = Debug|Any CPU
		{72E57038-7B30-48D1-A7D0-AA5C1CCAA5E8}.Debug|Any CPU.Build.0 = Debug|Any CPU
		{72E57038-7B30-48D1-A7D0-AA5C1CCAA5E8}.Release|Any CPU.ActiveCfg = Release|Any CPU
		{72E57038-7B30-48D1-A7D0-AA5C1CCAA5E8}.Release|Any CPU.Build.0 = Release|Any CPU
	EndGlobalSection
	GlobalSection(SolutionProperties) = preSolution
		HideSolutionNode = FALSE
	EndGlobalSection
EndGlobal
